# This file was autogenerated by Stack.
# You should not edit this file by hand.
# For more information, please see the documentation at:
#   https://docs.haskellstack.org/en/stable/lock_files

packages:
- completed:
    hackage: language-c99-0.1.2@sha256:6c9022378c7ed57d080fe41442066a5f2657347fd02a07ad291bbf41d71ab954,1587
    pantry-tree:
      size: 399
      sha256: 53d202a7489f2501c633e5c1f4d6a63deed004df1bec36d3ce29d54388c4a619
  original:
    hackage: language-c99-0.1.2
- completed:
    hackage: language-c99-simple-0.1.2@sha256:5b522616fa22a0909250d56a0632f1f1cae1c38d585149e13eeb809103af9543,1540
    pantry-tree:
      size: 574
      sha256: 1d297b46c78e2a498f7828bddc794d8355656273f7334f8ab27452ccfd28d5be
  original:
    hackage: language-c99-simple-0.1.2
- completed:
    hackage: language-c99-util-0.1.1@sha256:480adee2ba3045d04305be5362be991b1814faf58cfd7af1f845d0fc9dbcf3a7,1177
    pantry-tree:
      size: 489
      sha256: 3a5e1387e9b073dad4f51fa749fd4c33e2abe31566b63a120a38a7f88d809493
  original:
    hackage: language-c99-util-0.1.1
- completed:
    hackage: bimap-0.3.3@sha256:232518c0410990665b9c8677eb9318ee355c001d58945ddcbedec3baa30b4160,1475
    pantry-tree:
      size: 414
      sha256: 5c7485014c2f342d215ace99cd06361f7607169aebe8d4aca2f265fa5c3c6761
  original:
    hackage: bimap-0.3.3
- completed:
    hackage: copilot-3.1@sha256:966318c27ea4e2877ffba45f455be9310426b3e4b2c8fa8041d51e451879cc2b,4001
    pantry-tree:
      size: 847
      sha256: 02784c5d047085da3176e68f34f40f18d770511f039e7c33d8fc9bcf41f5a597
  original:
    hackage: copilot-3.1
- completed:
    hackage: copilot-c99-3.1.1@sha256:eb0893d614604e0a3a77c0100c35213194e8ccae00c12b869f1ec3032c140533,2312
    pantry-tree:
      size: 692
      sha256: e76e0c674b9b0acff12d998abc12daff4ed3a65faf84fce8cfc82fbb3a42a762
  original:
    hackage: copilot-c99-3.1.1
- completed:
    hackage: copilot-core-3.1@sha256:3c435b7edd14de8995cc9a987ebff648eb2b2ef92c2fefe748b94b9bcca6dc48,2003
    pantry-tree:
      size: 1668
      sha256: db6ce9f6fc3c3472b1d3bfa007b3c9f28f80b5817efa7ba346d671975a4e9b03
  original:
    hackage: copilot-core-3.1
- completed:
    hackage: copilot-language-3.1@sha256:3ec5d98e2579e692930a47d77c30070906523f9cf9028728812633734ff9c80e,2942
    pantry-tree:
      size: 2229
      sha256: 08d9b5cc844624a977aa884c8d75390c1edc57ee0f7e5d8b514e78456446e491
  original:
    hackage: copilot-language-3.1
- completed:
    hackage: copilot-libraries-3.1@sha256:cb6597c4bc556b9e153baa3006989676c489a756f514b73666062c8a485fa672,1977
    pantry-tree:
      size: 956
      sha256: 81f759cca2af5249f76e11d79024aa775b51ebc140963762078ea5ef81d07893
  original:
    hackage: copilot-libraries-3.1
- completed:
    hackage: copilot-theorem-3.1@sha256:846e58c9f4a28a5224d994aa01a74d273161852c13a42b09b9ce7ce91fe93205,4263
    pantry-tree:
      size: 2672
      sha256: 6a4dd0389484b413c9e3daa840b02cfd64d50df5148175626da03028eaa0fdb9
  original:
    hackage: copilot-theorem-3.1
- completed:
    hackage: arduino-copilot-1.2.0@sha256:d0ab1ef2e1309af3c39500be385b7fd6981bc244274c56679c7acfb5b2455ee6,2133
    pantry-tree:
      size: 1452
      sha256: 97f6c28f08860cb52f9e9cbe2cbd9f873a0239fa17960d1e5d50c9f60ce07444
  original:
    hackage: arduino-copilot-1.2.0
snapshots:
- completed:
    size: 524164
    url: https://raw.githubusercontent.com/commercialhaskell/stackage-snapshots/master/lts/14/22.yaml
    sha256: 7ad8f33179b32d204165a3a662c6269464a47a7e65a30abc38d01b5a38ec42c0
  original: lts-14.22
